// !$*UTF8*$!
{
	archiveVersion = 1;
	classes = {
	};
	objectVersion = 56;
	objects = {

/* Begin PBXBuildFile section */
		25A7074C2A8E973000049FF8 /* NetworkSampleAppApp.swift in Sources */ = {isa = PBXBuildFile; fileRef = 25A7074B2A8E973000049FF8 /* NetworkSampleAppApp.swift */; };
		25A7074E2A8E973000049FF8 /* ContentView.swift in Sources */ = {isa = PBXBuildFile; fileRef = 25A7074D2A8E973000049FF8 /* ContentView.swift */; };
		25A707502A8E973200049FF8 /* Assets.xcassets in Resources */ = {isa = PBXBuildFile; fileRef = 25A7074F2A8E973200049FF8 /* Assets.xcassets */; };
		25A707532A8E973200049FF8 /* Preview Assets.xcassets in Resources */ = {isa = PBXBuildFile; fileRef = 25A707522A8E973200049FF8 /* Preview Assets.xcassets */; };
		25A7075D2A8E973200049FF8 /* NetworkSampleAppTests.swift in Sources */ = {isa = PBXBuildFile; fileRef = 25A7075C2A8E973200049FF8 /* NetworkSampleAppTests.swift */; };
		25A707672A8E973200049FF8 /* NetworkSampleAppUITests.swift in Sources */ = {isa = PBXBuildFile; fileRef = 25A707662A8E973200049FF8 /* NetworkSampleAppUITests.swift */; };
		25A707692A8E973200049FF8 /* NetworkSampleAppUITestsLaunchTests.swift in Sources */ = {isa = PBXBuildFile; fileRef = 25A707682A8E973200049FF8 /* NetworkSampleAppUITestsLaunchTests.swift */; };
		25A707772A8E987F00049FF8 /* LHNetworkClient in Frameworks */ = {isa = PBXBuildFile; productRef = 25A707762A8E987F00049FF8 /* LHNetworkClient */; };
		25A707792A8E999000049FF8 /* ContentViewModel.swift in Sources */ = {isa = PBXBuildFile; fileRef = 25A707782A8E999000049FF8 /* ContentViewModel.swift */; };
/* End PBXBuildFile section */

/* Begin PBXContainerItemProxy section */
		25A707592A8E973200049FF8 /* PBXContainerItemProxy */ = {
			isa = PBXContainerItemProxy;
			containerPortal = 25A707402A8E973000049FF8 /* Project object */;
			proxyType = 1;
			remoteGlobalIDString = 25A707472A8E973000049FF8;
			remoteInfo = NetworkSampleApp;
		};
		25A707632A8E973200049FF8 /* PBXContainerItemProxy */ = {
			isa = PBXContainerItemProxy;
			containerPortal = 25A707402A8E973000049FF8 /* Project object */;
			proxyType = 1;
			remoteGlobalIDString = 25A707472A8E973000049FF8;
			remoteInfo = NetworkSampleApp;
		};
/* End PBXContainerItemProxy section */

/* Begin PBXFileReference section */
		25A707482A8E973000049FF8 /* NetworkSampleApp.app */ = {isa = PBXFileReference; explicitFileType = wrapper.application; includeInIndex = 0; path = NetworkSampleApp.app; sourceTree = BUILT_PRODUCTS_DIR; };
		25A7074B2A8E973000049FF8 /* NetworkSampleAppApp.swift */ = {isa = PBXFileReference; lastKnownFileType = sourcecode.swift; path = NetworkSampleAppApp.swift; sourceTree = "<group>"; };
		25A7074D2A8E973000049FF8 /* ContentView.swift */ = {isa = PBXFileReference; lastKnownFileType = sourcecode.swift; path = ContentView.swift; sourceTree = "<group>"; };
		25A7074F2A8E973200049FF8 /* Assets.xcassets */ = {isa = PBXFileReference; lastKnownFileType = folder.assetcatalog; path = Assets.xcassets; sourceTree = "<group>"; };
		25A707522A8E973200049FF8 /* Preview Assets.xcassets */ = {isa = PBXFileReference; lastKnownFileType = folder.assetcatalog; path = "Preview Assets.xcassets"; sourceTree = "<group>"; };
		25A707582A8E973200049FF8 /* NetworkSampleAppTests.xctest */ = {isa = PBXFileReference; explicitFileType = wrapper.cfbundle; includeInIndex = 0; path = NetworkSampleAppTests.xctest; sourceTree = BUILT_PRODUCTS_DIR; };
		25A7075C2A8E973200049FF8 /* NetworkSampleAppTests.swift */ = {isa = PBXFileReference; lastKnownFileType = sourcecode.swift; path = NetworkSampleAppTests.swift; sourceTree = "<group>"; };
		25A707622A8E973200049FF8 /* NetworkSampleAppUITests.xctest */ = {isa = PBXFileReference; explicitFileType = wrapper.cfbundle; includeInIndex = 0; path = NetworkSampleAppUITests.xctest; sourceTree = BUILT_PRODUCTS_DIR; };
		25A707662A8E973200049FF8 /* NetworkSampleAppUITests.swift */ = {isa = PBXFileReference; lastKnownFileType = sourcecode.swift; path = NetworkSampleAppUITests.swift; sourceTree = "<group>"; };
		25A707682A8E973200049FF8 /* NetworkSampleAppUITestsLaunchTests.swift */ = {isa = PBXFileReference; lastKnownFileType = sourcecode.swift; path = NetworkSampleAppUITestsLaunchTests.swift; sourceTree = "<group>"; };
		25A707782A8E999000049FF8 /* ContentViewModel.swift */ = {isa = PBXFileReference; lastKnownFileType = sourcecode.swift; path = ContentViewModel.swift; sourceTree = "<group>"; };
/* End PBXFileReference section */

/* Begin PBXFrameworksBuildPhase section */
		25A707452A8E973000049FF8 /* Frameworks */ = {
			isa = PBXFrameworksBuildPhase;
			buildActionMask = 2147483647;
			files = (
				25A707772A8E987F00049FF8 /* LHNetworkClient in Frameworks */,
			);
			runOnlyForDeploymentPostprocessing = 0;
		};
		25A707552A8E973200049FF8 /* Frameworks */ = {
			isa = PBXFrameworksBuildPhase;
			buildActionMask = 2147483647;
			files = (
			);
			runOnlyForDeploymentPostprocessing = 0;
		};
		25A7075F2A8E973200049FF8 /* Frameworks */ = {
			isa = PBXFrameworksBuildPhase;
			buildActionMask = 2147483647;
			files = (
			);
			runOnlyForDeploymentPostprocessing = 0;
		};
/* End PBXFrameworksBuildPhase section */

/* Begin PBXGroup section */
		25A7073F2A8E973000049FF8 = {
			isa = PBXGroup;
			children = (
				25A7074A2A8E973000049FF8 /* NetworkSampleApp */,
				25A7075B2A8E973200049FF8 /* NetworkSampleAppTests */,
				25A707652A8E973200049FF8 /* NetworkSampleAppUITests */,
				25A707492A8E973000049FF8 /* Products */,
			);
			sourceTree = "<group>";
		};
		25A707492A8E973000049FF8 /* Products */ = {
			isa = PBXGroup;
			children = (
				25A707482A8E973000049FF8 /* NetworkSampleApp.app */,
				25A707582A8E973200049FF8 /* NetworkSampleAppTests.xctest */,
				25A707622A8E973200049FF8 /* NetworkSampleAppUITests.xctest */,
			);
			name = Products;
			sourceTree = "<group>";
		};
		25A7074A2A8E973000049FF8 /* NetworkSampleApp */ = {
			isa = PBXGroup;
			children = (
				25A7074B2A8E973000049FF8 /* NetworkSampleAppApp.swift */,
				25A7074D2A8E973000049FF8 /* ContentView.swift */,
				25A7074F2A8E973200049FF8 /* Assets.xcassets */,
				25A707512A8E973200049FF8 /* Preview Content */,
				25A707782A8E999000049FF8 /* ContentViewModel.swift */,
			);
			path = NetworkSampleApp;
			sourceTree = "<group>";
		};
		25A707512A8E973200049FF8 /* Preview Content */ = {
			isa = PBXGroup;
			children = (
				25A707522A8E973200049FF8 /* Preview Assets.xcassets */,
			);
			path = "Preview Content";
			sourceTree = "<group>";
		};
		25A7075B2A8E973200049FF8 /* NetworkSampleAppTests */ = {
			isa = PBXGroup;
			children = (
				25A7075C2A8E973200049FF8 /* NetworkSampleAppTests.swift */,
			);
			path = NetworkSampleAppTests;
			sourceTree = "<group>";
		};
		25A707652A8E973200049FF8 /* NetworkSampleAppUITests */ = {
			isa = PBXGroup;
			children = (
				25A707662A8E973200049FF8 /* NetworkSampleAppUITests.swift */,
				25A707682A8E973200049FF8 /* NetworkSampleAppUITestsLaunchTests.swift */,
			);
			path = NetworkSampleAppUITests;
			sourceTree = "<group>";
		};
/* End PBXGroup section */

/* Begin PBXNativeTarget section */
		25A707472A8E973000049FF8 /* NetworkSampleApp */ = {
			isa = PBXNativeTarget;
			buildConfigurationList = 25A7076C2A8E973200049FF8 /* Build configuration list for PBXNativeTarget "NetworkSampleApp" */;
			buildPhases = (
				25A707442A8E973000049FF8 /* Sources */,
				25A707452A8E973000049FF8 /* Frameworks */,
				25A707462A8E973000049FF8 /* Resources */,
			);
			buildRules = (
			);
			dependencies = (
			);
			name = NetworkSampleApp;
			packageProductDependencies = (
				25A707762A8E987F00049FF8 /* LHNetworkClient */,
			);
			productName = NetworkSampleApp;
			productReference = 25A707482A8E973000049FF8 /* NetworkSampleApp.app */;
			productType = "com.apple.product-type.application";
		};
		25A707572A8E973200049FF8 /* NetworkSampleAppTests */ = {
			isa = PBXNativeTarget;
			buildConfigurationList = 25A7076F2A8E973200049FF8 /* Build configuration list for PBXNativeTarget "NetworkSampleAppTests" */;
			buildPhases = (
				25A707542A8E973200049FF8 /* Sources */,
				25A707552A8E973200049FF8 /* Frameworks */,
				25A707562A8E973200049FF8 /* Resources */,
			);
			buildRules = (
			);
			dependencies = (
				25A7075A2A8E973200049FF8 /* PBXTargetDependency */,
			);
			name = NetworkSampleAppTests;
			productName = NetworkSampleAppTests;
			productReference = 25A707582A8E973200049FF8 /* NetworkSampleAppTests.xctest */;
			productType = "com.apple.product-type.bundle.unit-test";
		};
		25A707612A8E973200049FF8 /* NetworkSampleAppUITests */ = {
			isa = PBXNativeTarget;
			buildConfigurationList = 25A707722A8E973200049FF8 /* Build configuration list for PBXNativeTarget "NetworkSampleAppUITests" */;
			buildPhases = (
				25A7075E2A8E973200049FF8 /* Sources */,
				25A7075F2A8E973200049FF8 /* Frameworks */,
				25A707602A8E973200049FF8 /* Resources */,
			);
			buildRules = (
			);
			dependencies = (
				25A707642A8E973200049FF8 /* PBXTargetDependency */,
			);
			name = NetworkSampleAppUITests;
			productName = NetworkSampleAppUITests;
			productReference = 25A707622A8E973200049FF8 /* NetworkSampleAppUITests.xctest */;
			productType = "com.apple.product-type.bundle.ui-testing";
		};
/* End PBXNativeTarget section */

/* Begin PBXProject section */
		25A707402A8E973000049FF8 /* Project object */ = {
			isa = PBXProject;
			attributes = {
				BuildIndependentTargetsInParallel = 1;
				LastSwiftUpdateCheck = 1430;
				LastUpgradeCheck = 1430;
				TargetAttributes = {
					25A707472A8E973000049FF8 = {
						CreatedOnToolsVersion = 14.3.1;
					};
					25A707572A8E973200049FF8 = {
						CreatedOnToolsVersion = 14.3.1;
						TestTargetID = 25A707472A8E973000049FF8;
					};
					25A707612A8E973200049FF8 = {
						CreatedOnToolsVersion = 14.3.1;
						TestTargetID = 25A707472A8E973000049FF8;
					};
				};
			};
			buildConfigurationList = 25A707432A8E973000049FF8 /* Build configuration list for PBXProject "NetworkSampleApp" */;
			compatibilityVersion = "Xcode 14.0";
			developmentRegion = en;
			hasScannedForEncodings = 0;
			knownRegions = (
				en,
				Base,
			);
			mainGroup = 25A7073F2A8E973000049FF8;
			packageReferences = (
				25A707752A8E987F00049FF8 /* XCRemoteSwiftPackageReference "LHNetworkClient" */,
			);
			productRefGroup = 25A707492A8E973000049FF8 /* Products */;
			projectDirPath = "";
			projectRoot = "";
			targets = (
				25A707472A8E973000049FF8 /* NetworkSampleApp */,
				25A707572A8E973200049FF8 /* NetworkSampleAppTests */,
				25A707612A8E973200049FF8 /* NetworkSampleAppUITests */,
			);
		};
/* End PBXProject section */

/* Begin PBXResourcesBuildPhase section */
		25A707462A8E973000049FF8 /* Resources */ = {
			isa = PBXResourcesBuildPhase;
			buildActionMask = 2147483647;
			files = (
				25A707532A8E973200049FF8 /* Preview Assets.xcassets in Resources */,
				25A707502A8E973200049FF8 /* Assets.xcassets in Resources */,
			);
			runOnlyForDeploymentPostprocessing = 0;
		};
		25A707562A8E973200049FF8 /* Resources */ = {
			isa = PBXResourcesBuildPhase;
			buildActionMask = 2147483647;
			files = (
			);
			runOnlyForDeploymentPostprocessing = 0;
		};
		25A707602A8E973200049FF8 /* Resources */ = {
			isa = PBXResourcesBuildPhase;
			buildActionMask = 2147483647;
			files = (
			);
			runOnlyForDeploymentPostprocessing = 0;
		};
/* End PBXResourcesBuildPhase section */

/* Begin PBXSourcesBuildPhase section */
		25A707442A8E973000049FF8 /* Sources */ = {
			isa = PBXSourcesBuildPhase;
			buildActionMask = 2147483647;
			files = (
				25A7074E2A8E973000049FF8 /* ContentView.swift in Sources */,
				25A7074C2A8E973000049FF8 /* NetworkSampleAppApp.swift in Sources */,
				25A707792A8E999000049FF8 /* ContentViewModel.swift in Sources */,
			);
			runOnlyForDeploymentPostprocessing = 0;
		};
		25A707542A8E973200049FF8 /* Sources */ = {
			isa = PBXSourcesBuildPhase;
			buildActionMask = 2147483647;
			files = (
				25A7075D2A8E973200049FF8 /* NetworkSampleAppTests.swift in Sources */,
			);
			runOnlyForDeploymentPostprocessing = 0;
		};
		25A7075E2A8E973200049FF8 /* Sources */ = {
			isa = PBXSourcesBuildPhase;
			buildActionMask = 2147483647;
			files = (
				25A707672A8E973200049FF8 /* NetworkSampleAppUITests.swift in Sources */,
				25A707692A8E973200049FF8 /* NetworkSampleAppUITestsLaunchTests.swift in Sources */,
			);
			runOnlyForDeploymentPostprocessing = 0;
		};
/* End PBXSourcesBuildPhase section */

/* Begin PBXTargetDependency section */
		25A7075A2A8E973200049FF8 /* PBXTargetDependency */ = {
			isa = PBXTargetDependency;
			target = 25A707472A8E973000049FF8 /* NetworkSampleApp */;
			targetProxy = 25A707592A8E973200049FF8 /* PBXContainerItemProxy */;
		};
		25A707642A8E973200049FF8 /* PBXTargetDependency */ = {
			isa = PBXTargetDependency;
			target = 25A707472A8E973000049FF8 /* NetworkSampleApp */;
			targetProxy = 25A707632A8E973200049FF8 /* PBXContainerItemProxy */;
		};
/* End PBXTargetDependency section */

/* Begin XCBuildConfiguration section */
		25A7076A2A8E973200049FF8 /* Debug */ = {
			isa = XCBuildConfiguration;
			buildSettings = {
				ALWAYS_SEARCH_USER_PATHS = NO;
				CLANG_ANALYZER_NONNULL = YES;
				CLANG_ANALYZER_NUMBER_OBJECT_CONVERSION = YES_AGGRESSIVE;
				CLANG_CXX_LANGUAGE_STANDARD = "gnu++20";
				CLANG_ENABLE_MODULES = YES;
				CLANG_ENABLE_OBJC_ARC = YES;
				CLANG_ENABLE_OBJC_WEAK = YES;
				CLANG_WARN_BLOCK_CAPTURE_AUTORELEASING = YES;
				CLANG_WARN_BOOL_CONVERSION = YES;
				CLANG_WARN_COMMA = YES;
				CLANG_WARN_CONSTANT_CONVERSION = YES;
				CLANG_WARN_DEPRECATED_OBJC_IMPLEMENTATIONS = YES;
				CLANG_WARN_DIRECT_OBJC_ISA_USAGE = YES_ERROR;
				CLANG_WARN_DOCUMENTATION_COMMENTS = YES;
				CLANG_WARN_EMPTY_BODY = YES;
				CLANG_WARN_ENUM_CONVERSION = YES;
				CLANG_WARN_INFINITE_RECURSION = YES;
				CLANG_WARN_INT_CONVERSION = YES;
				CLANG_WARN_NON_LITERAL_NULL_CONVERSION = YES;
				CLANG_WARN_OBJC_IMPLICIT_RETAIN_SELF = YES;
				CLANG_WARN_OBJC_LITERAL_CONVERSION = YES;
				CLANG_WARN_OBJC_ROOT_CLASS = YES_ERROR;
				CLANG_WARN_QUOTED_INCLUDE_IN_FRAMEWORK_HEADER = YES;
				CLANG_WARN_RANGE_LOOP_ANALYSIS = YES;
				CLANG_WARN_STRICT_PROTOTYPES = YES;
				CLANG_WARN_SUSPICIOUS_MOVE = YES;
				CLANG_WARN_UNGUARDED_AVAILABILITY = YES_AGGRESSIVE;
				CLANG_WARN_UNREACHABLE_CODE = YES;
				CLANG_WARN__DUPLICATE_METHOD_MATCH = YES;
				COPY_PHASE_STRIP = NO;
				DEBUG_INFORMATION_FORMAT = dwarf;
				ENABLE_STRICT_OBJC_MSGSEND = YES;
				ENABLE_TESTABILITY = YES;
				GCC_C_LANGUAGE_STANDARD = gnu11;
				GCC_DYNAMIC_NO_PIC = NO;
				GCC_NO_COMMON_BLOCKS = YES;
				GCC_OPTIMIZATION_LEVEL = 0;
				GCC_PREPROCESSOR_DEFINITIONS = (
					"DEBUG=1",
					"$(inherited)",
				);
				GCC_WARN_64_TO_32_BIT_CONVERSION = YES;
				GCC_WARN_ABOUT_RETURN_TYPE = YES_ERROR;
				GCC_WARN_UNDECLARED_SELECTOR = YES;
				GCC_WARN_UNINITIALIZED_AUTOS = YES_AGGRESSIVE;
				GCC_WARN_UNUSED_FUNCTION = YES;
				GCC_WARN_UNUSED_VARIABLE = YES;
				IPHONEOS_DEPLOYMENT_TARGET = 16.4;
				MTL_ENABLE_DEBUG_INFO = INCLUDE_SOURCE;
				MTL_FAST_MATH = YES;
				ONLY_ACTIVE_ARCH = YES;
				SDKROOT = iphoneos;
				SWIFT_ACTIVE_COMPILATION_CONDITIONS = DEBUG;
				SWIFT_OPTIMIZATION_LEVEL = "-Onone";
			};
			name = Debug;
		};
		25A7076B2A8E973200049FF8 /* Release */ = {
			isa = XCBuildConfiguration;
			buildSettings = {
				ALWAYS_SEARCH_USER_PATHS = NO;
				CLANG_ANALYZER_NONNULL = YES;
				CLANG_ANALYZER_NUMBER_OBJECT_CONVERSION = YES_AGGRESSIVE;
				CLANG_CXX_LANGUAGE_STANDARD = "gnu++20";
				CLANG_ENABLE_MODULES = YES;
				CLANG_ENABLE_OBJC_ARC = YES;
				CLANG_ENABLE_OBJC_WEAK = YES;
				CLANG_WARN_BLOCK_CAPTURE_AUTORELEASING = YES;
				CLANG_WARN_BOOL_CONVERSION = YES;
				CLANG_WARN_COMMA = YES;
				CLANG_WARN_CONSTANT_CONVERSION = YES;
				CLANG_WARN_DEPRECATED_OBJC_IMPLEMENTATIONS = YES;
				CLANG_WARN_DIRECT_OBJC_ISA_USAGE = YES_ERROR;
				CLANG_WARN_DOCUMENTATION_COMMENTS = YES;
				CLANG_WARN_EMPTY_BODY = YES;
				CLANG_WARN_ENUM_CONVERSION = YES;
				CLANG_WARN_INFINITE_RECURSION = YES;
				CLANG_WARN_INT_CONVERSION = YES;
				CLANG_WARN_NON_LITERAL_NULL_CONVERSION = YES;
				CLANG_WARN_OBJC_IMPLICIT_RETAIN_SELF = YES;
				CLANG_WARN_OBJC_LITERAL_CONVERSION = YES;
				CLANG_WARN_OBJC_ROOT_CLASS = YES_ERROR;
				CLANG_WARN_QUOTED_INCLUDE_IN_FRAMEWORK_HEADER = YES;
				CLANG_WARN_RANGE_LOOP_ANALYSIS = YES;
				CLANG_WARN_STRICT_PROTOTYPES = YES;
				CLANG_WARN_SUSPICIOUS_MOVE = YES;
				CLANG_WARN_UNGUARDED_AVAILABILITY = YES_AGGRESSIVE;
				CLANG_WARN_UNREACHABLE_CODE = YES;
				CLANG_WARN__DUPLICATE_METHOD_MATCH = YES;
				COPY_PHASE_STRIP = NO;
				DEBUG_INFORMATION_FORMAT = "dwarf-with-dsym";
				ENABLE_NS_ASSERTIONS = NO;
				ENABLE_STRICT_OBJC_MSGSEND = YES;
				GCC_C_LANGUAGE_STANDARD = gnu11;
				GCC_NO_COMMON_BLOCKS = YES;
				GCC_WARN_64_TO_32_BIT_CONVERSION = YES;
				GCC_WARN_ABOUT_RETURN_TYPE = YES_ERROR;
				GCC_WARN_UNDECLARED_SELECTOR = YES;
				GCC_WARN_UNINITIALIZED_AUTOS = YES_AGGRESSIVE;
				GCC_WARN_UNUSED_FUNCTION = YES;
				GCC_WARN_UNUSED_VARIABLE = YES;
				IPHONEOS_DEPLOYMENT_TARGET = 16.4;
				MTL_ENABLE_DEBUG_INFO = NO;
				MTL_FAST_MATH = YES;
				SDKROOT = iphoneos;
				SWIFT_COMPILATION_MODE = wholemodule;
				SWIFT_OPTIMIZATION_LEVEL = "-O";
				VALIDATE_PRODUCT = YES;
			};
			name = Release;
		};
		25A7076D2A8E973200049FF8 /* Debug */ = {
			isa = XCBuildConfiguration;
			buildSettings = {
				ASSETCATALOG_COMPILER_APPICON_NAME = AppIcon;
				ASSETCATALOG_COMPILER_GLOBAL_ACCENT_COLOR_NAME = AccentColor;
				CODE_SIGN_STYLE = Automatic;
				CURRENT_PROJECT_VERSION = 1;
				DEVELOPMENT_ASSET_PATHS = "\"NetworkSampleApp/Preview Content\"";
				DEVELOPMENT_TEAM = M2DD4Z95YZ;
				ENABLE_PREVIEWS = YES;
				GENERATE_INFOPLIST_FILE = YES;
				INFOPLIST_KEY_UIApplicationSceneManifest_Generation = YES;
				INFOPLIST_KEY_UIApplicationSupportsIndirectInputEvents = YES;
				INFOPLIST_KEY_UILaunchScreen_Generation = YES;
				INFOPLIST_KEY_UISupportedInterfaceOrientations_iPad = "UIInterfaceOrientationPortrait UIInterfaceOrientationPortraitUpsideDown UIInterfaceOrientationLandscapeLeft UIInterfaceOrientationLandscapeRight";
				INFOPLIST_KEY_UISupportedInterfaceOrientations_iPhone = "UIInterfaceOrientationPortrait UIInterfaceOrientationLandscapeLeft UIInterfaceOrientationLandscapeRight";
				LD_RUNPATH_SEARCH_PATHS = (
					"$(inherited)",
					"@executable_path/Frameworks",
				);
				MARKETING_VERSION = 1.0;
				PRODUCT_BUNDLE_IDENTIFIER = LuizHammerli.NetworkSampleApp;
				PRODUCT_NAME = "$(TARGET_NAME)";
				SWIFT_EMIT_LOC_STRINGS = YES;
				SWIFT_VERSION = 5.0;
				TARGETED_DEVICE_FAMILY = "1,2";
			};
			name = Debug;
		};
		25A7076E2A8E973200049FF8 /* Release */ = {
			isa = XCBuildConfiguration;
			buildSettings = {
				ASSETCATALOG_COMPILER_APPICON_NAME = AppIcon;
				ASSETCATALOG_COMPILER_GLOBAL_ACCENT_COLOR_NAME = AccentColor;
				CODE_SIGN_STYLE = Automatic;
				CURRENT_PROJECT_VERSION = 1;
				DEVELOPMENT_ASSET_PATHS = "\"NetworkSampleApp/Preview Content\"";
				DEVELOPMENT_TEAM = M2DD4Z95YZ;
				ENABLE_PREVIEWS = YES;
				GENERATE_INFOPLIST_FILE = YES;
				INFOPLIST_KEY_UIApplicationSceneManifest_Generation = YES;
				INFOPLIST_KEY_UIApplicationSupportsIndirectInputEvents = YES;
				INFOPLIST_KEY_UILaunchScreen_Generation = YES;
				INFOPLIST_KEY_UISupportedInterfaceOrientations_iPad = "UIInterfaceOrientationPortrait UIInterfaceOrientationPortraitUpsideDown UIInterfaceOrientationLandscapeLeft UIInterfaceOrientationLandscapeRight";
				INFOPLIST_KEY_UISupportedInterfaceOrientations_iPhone = "UIInterfaceOrientationPortrait UIInterfaceOrientationLandscapeLeft UIInterfaceOrientationLandscapeRight";
				LD_RUNPATH_SEARCH_PATHS = (
					"$(inherited)",
					"@executable_path/Frameworks",
				);
				MARKETING_VERSION = 1.0;
				PRODUCT_BUNDLE_IDENTIFIER = LuizHammerli.NetworkSampleApp;
				PRODUCT_NAME = "$(TARGET_NAME)";
				SWIFT_EMIT_LOC_STRINGS = YES;
				SWIFT_VERSION = 5.0;
				TARGETED_DEVICE_FAMILY = "1,2";
			};
			name = Release;
		};
		25A707702A8E973200049FF8 /* Debug */ = {
			isa = XCBuildConfiguration;
			buildSettings = {
				ALWAYS_EMBED_SWIFT_STANDARD_LIBRARIES = YES;
				BUNDLE_LOADER = "$(TEST_HOST)";
				CODE_SIGN_STYLE = Automatic;
				CURRENT_PROJECT_VERSION = 1;
				DEVELOPMENT_TEAM = M2DD4Z95YZ;
				GENERATE_INFOPLIST_FILE = YES;
				IPHONEOS_DEPLOYMENT_TARGET = 16.4;
				MARKETING_VERSION = 1.0;
				PRODUCT_BUNDLE_IDENTIFIER = LuizHammerli.NetworkSampleAppTests;
				PRODUCT_NAME = "$(TARGET_NAME)";
				SWIFT_EMIT_LOC_STRINGS = NO;
				SWIFT_VERSION = 5.0;
				TARGETED_DEVICE_FAMILY = "1,2";
				TEST_HOST = "$(BUILT_PRODUCTS_DIR)/NetworkSampleApp.app/$(BUNDLE_EXECUTABLE_FOLDER_PATH)/NetworkSampleApp";
			};
			name = Debug;
		};
		25A707712A8E973200049FF8 /* Release */ = {
			isa = XCBuildConfiguration;
			buildSettings = {
				ALWAYS_EMBED_SWIFT_STANDARD_LIBRARIES = YES;
				BUNDLE_LOADER = "$(TEST_HOST)";
				CODE_SIGN_STYLE = Automatic;
				CURRENT_PROJECT_VERSION = 1;
				DEVELOPMENT_TEAM = M2DD4Z95YZ;
				GENERATE_INFOPLIST_FILE = YES;
				IPHONEOS_DEPLOYMENT_TARGET = 16.4;
				MARKETING_VERSION = 1.0;
				PRODUCT_BUNDLE_IDENTIFIER = LuizHammerli.NetworkSampleAppTests;
				PRODUCT_NAME = "$(TARGET_NAME)";
				SWIFT_EMIT_LOC_STRINGS = NO;
				SWIFT_VERSION = 5.0;
				TARGETED_DEVICE_FAMILY = "1,2";
				TEST_HOST = "$(BUILT_PRODUCTS_DIR)/NetworkSampleApp.app/$(BUNDLE_EXECUTABLE_FOLDER_PATH)/NetworkSampleApp";
			};
			name = Release;
		};
		25A707732A8E973200049FF8 /* Debug */ = {
			isa = XCBuildConfiguration;
			buildSettings = {
				ALWAYS_EMBED_SWIFT_STANDARD_LIBRARIES = YES;
				CODE_SIGN_STYLE = Automatic;
				CURRENT_PROJECT_VERSION = 1;
				DEVELOPMENT_TEAM = M2DD4Z95YZ;
				GENERATE_INFOPLIST_FILE = YES;
				MARKETING_VERSION = 1.0;
				PRODUCT_BUNDLE_IDENTIFIER = LuizHammerli.NetworkSampleAppUITests;
				PRODUCT_NAME = "$(TARGET_NAME)";
				SWIFT_EMIT_LOC_STRINGS = NO;
				SWIFT_VERSION = 5.0;
				TARGETED_DEVICE_FAMILY = "1,2";
				TEST_TARGET_NAME = NetworkSampleApp;
			};
			name = Debug;
		};
		25A707742A8E973200049FF8 /* Release */ = {
			isa = XCBuildConfiguration;
			buildSettings = {
				ALWAYS_EMBED_SWIFT_STANDARD_LIBRARIES = YES;
				CODE_SIGN_STYLE = Automatic;
				CURRENT_PROJECT_VERSION = 1;
				DEVELOPMENT_TEAM = M2DD4Z95YZ;
				GENERATE_INFOPLIST_FILE = YES;
				MARKETING_VERSION = 1.0;
				PRODUCT_BUNDLE_IDENTIFIER = LuizHammerli.NetworkSampleAppUITests;
				PRODUCT_NAME = "$(TARGET_NAME)";
				SWIFT_EMIT_LOC_STRINGS = NO;
				SWIFT_VERSION = 5.0;
				TARGETED_DEVICE_FAMILY = "1,2";
				TEST_TARGET_NAME = NetworkSampleApp;
			};
			name = Release;
		};
/* End XCBuildConfiguration section */

/* Begin XCConfigurationList section */
		25A707432A8E973000049FF8 /* Build configuration list for PBXProject "NetworkSampleApp" */ = {
			isa = XCConfigurationList;
			buildConfigurations = (
				25A7076A2A8E973200049FF8 /* Debug */,
				25A7076B2A8E973200049FF8 /* Release */,
			);
			defaultConfigurationIsVisible = 0;
			defaultConfigurationName = Release;
		};
		25A7076C2A8E973200049FF8 /* Build configuration list for PBXNativeTarget "NetworkSampleApp" */ = {
			isa = XCConfigurationList;
			buildConfigurations = (
				25A7076D2A8E973200049FF8 /* Debug */,
				25A7076E2A8E973200049FF8 /* Release */,
			);
			defaultConfigurationIsVisible = 0;
			defaultConfigurationName = Release;
		};
		25A7076F2A8E973200049FF8 /* Build configuration list for PBXNativeTarget "NetworkSampleAppTests" */ = {
			isa = XCConfigurationList;
			buildConfigurations = (
				25A707702A8E973200049FF8 /* Debug */,
				25A707712A8E973200049FF8 /* Release */,
			);
			defaultConfigurationIsVisible = 0;
			defaultConfigurationName = Release;
		};
		25A707722A8E973200049FF8 /* Build configuration list for PBXNativeTarget "NetworkSampleAppUITests" */ = {
			isa = XCConfigurationList;
			buildConfigurations = (
				25A707732A8E973200049FF8 /* Debug */,
				25A707742A8E973200049FF8 /* Release */,
			);
			defaultConfigurationIsVisible = 0;
			defaultConfigurationName = Release;
		};
/* End XCConfigurationList section */

/* Begin XCRemoteSwiftPackageReference section */
		25A707752A8E987F00049FF8 /* XCRemoteSwiftPackageReference "LHNetworkClient" */ = {
			isa = XCRemoteSwiftPackageReference;
			repositoryURL = "https://github.com/luizhammeli/LHNetworkClient.git";
			requirement = {
				branch = main;
				kind = branch;
			};
		};
/* End XCRemoteSwiftPackageReference section */

/* Begin XCSwiftPackageProductDependency section */
		25A707762A8E987F00049FF8 /* LHNetworkClient */ = {
			isa = XCSwiftPackageProductDependency;
			package = 25A707752A8E987F00049FF8 /* XCRemoteSwiftPackageReference "LHNetworkClient" */;
			productName = LHNetworkClient;
		};
/* End XCSwiftPackageProductDependency section */
	};
	rootObject = 25A707402A8E973000049FF8 /* Project object */;
}
