{
  "pins" : [
    {
      "identity" : "lhnetworkclient",
      "kind" : "remoteSourceControl",
      "location" : "https://github.com/luizhammeli/LHNetworkClient.git",
      "state" : {
        "branch" : "main",
        "revision" : "8f6855a5d3fe777eeb93cfb5f85b4fa59bb4bb11"
      }
    }
  ],
  "version" : 2
}
